
Microsoft Visual Studio Solution File, Format Version 12.00
# Visual Studio 15
VisualStudioVersion = 15.0.28010.2019
MinimumVisualStudioVersion = 10.0.40219.1
Project("{FAE04EC0-301F-11D3-BF4B-00C04F79EFBC}") = "TSS.BankingApp.UI", "TSS.BankingApp.UI\TSS.BankingApp.UI.csproj", "{E9F7272F-3320-496F-B2C9-B6397B30336D}"
EndProject
Project("{FAE04EC0-301F-11D3-BF4B-00C04F79EFBC}") = "TSS.BankingApp.BL", "TSS.BankingApp.BL\TSS.BankingApp.BL.csproj", "{BEE0EB5E-47CC-4943-A8C0-FCE859E87126}"
EndProject
Project("{2150E333-8FDC-42A3-9474-1A3956D46DE8}") = "Solution Items", "Solution Items", "{0FECA503-EC38-42D7-9CD2-2CA1DA4F6429}"
	ProjectSection(SolutionItems) = preProject
		NOTES.txt = NOTES.txt
	EndProjectSection
EndProject
Project("{FAE04EC0-301F-11D3-BF4B-00C04F79EFBC}") = "TSS.BankingApp.PL", "TSS.BankingApp.PL\TSS.BankingApp.PL.csproj", "{989685DA-9F50-4EBE-96A2-7FD165C81944}"
EndProject
Project("{FAE04EC0-301F-11D3-BF4B-00C04F79EFBC}") = "StandAloneProject", "StandAloneProject\StandAloneProject.csproj", "{FCBAB24A-28DB-4676-A8DF-AD8C7222F280}"
EndProject
Global
	GlobalSection(SolutionConfigurationPlatforms) = preSolution
		Debug|Any CPU = Debug|Any CPU
		Debug|ARM = Debug|ARM
		Debug|x64 = Debug|x64
		Debug|x86 = Debug|x86
		Release|Any CPU = Release|Any CPU
		Release|ARM = Release|ARM
		Release|x64 = Release|x64
		Release|x86 = Release|x86
	EndGlobalSection
	GlobalSection(ProjectConfigurationPlatforms) = postSolution
		{E9F7272F-3320-496F-B2C9-B6397B30336D}.Debug|Any CPU.ActiveCfg = Debug|Any CPU
		{E9F7272F-3320-496F-B2C9-B6397B30336D}.Debug|Any CPU.Build.0 = Debug|Any CPU
		{E9F7272F-3320-496F-B2C9-B6397B30336D}.Debug|ARM.ActiveCfg = Debug|Any CPU
		{E9F7272F-3320-496F-B2C9-B6397B30336D}.Debug|ARM.Build.0 = Debug|Any CPU
		{E9F7272F-3320-496F-B2C9-B6397B30336D}.Debug|x64.ActiveCfg = Debug|Any CPU
		{E9F7272F-3320-496F-B2C9-B6397B30336D}.Debug|x64.Build.0 = Debug|Any CPU
		{E9F7272F-3320-496F-B2C9-B6397B30336D}.Debug|x86.ActiveCfg = Debug|Any CPU
		{E9F7272F-3320-496F-B2C9-B6397B30336D}.Debug|x86.Build.0 = Debug|Any CPU
		{E9F7272F-3320-496F-B2C9-B6397B30336D}.Release|Any CPU.ActiveCfg = Release|Any CPU
		{E9F7272F-3320-496F-B2C9-B6397B30336D}.Release|Any CPU.Build.0 = Release|Any CPU
		{E9F7272F-3320-496F-B2C9-B6397B30336D}.Release|ARM.ActiveCfg = Release|Any CPU
		{E9F7272F-3320-496F-B2C9-B6397B30336D}.Release|ARM.Build.0 = Release|Any CPU
		{E9F7272F-3320-496F-B2C9-B6397B30336D}.Release|x64.ActiveCfg = Release|Any CPU
		{E9F7272F-3320-496F-B2C9-B6397B30336D}.Release|x64.Build.0 = Release|Any CPU
		{E9F7272F-3320-496F-B2C9-B6397B30336D}.Release|x86.ActiveCfg = Release|Any CPU
		{E9F7272F-3320-496F-B2C9-B6397B30336D}.Release|x86.Build.0 = Release|Any CPU
		{BEE0EB5E-47CC-4943-A8C0-FCE859E87126}.Debug|Any CPU.ActiveCfg = Debug|Any CPU
		{BEE0EB5E-47CC-4943-A8C0-FCE859E87126}.Debug|Any CPU.Build.0 = Debug|Any CPU
		{BEE0EB5E-47CC-4943-A8C0-FCE859E87126}.Debug|ARM.ActiveCfg = Debug|Any CPU
		{BEE0EB5E-47CC-4943-A8C0-FCE859E87126}.Debug|ARM.Build.0 = Debug|Any CPU
		{BEE0EB5E-47CC-4943-A8C0-FCE859E87126}.Debug|x64.ActiveCfg = Debug|Any CPU
		{BEE0EB5E-47CC-4943-A8C0-FCE859E87126}.Debug|x64.Build.0 = Debug|Any CPU
		{BEE0EB5E-47CC-4943-A8C0-FCE859E87126}.Debug|x86.ActiveCfg = Debug|Any CPU
		{BEE0EB5E-47CC-4943-A8C0-FCE859E87126}.Debug|x86.Build.0 = Debug|Any CPU
		{BEE0EB5E-47CC-4943-A8C0-FCE859E87126}.Release|Any CPU.ActiveCfg = Release|Any CPU
		{BEE0EB5E-47CC-4943-A8C0-FCE859E87126}.Release|Any CPU.Build.0 = Release|Any CPU
		{BEE0EB5E-47CC-4943-A8C0-FCE859E87126}.Release|ARM.ActiveCfg = Release|Any CPU
		{BEE0EB5E-47CC-4943-A8C0-FCE859E87126}.Release|ARM.Build.0 = Release|Any CPU
		{BEE0EB5E-47CC-4943-A8C0-FCE859E87126}.Release|x64.ActiveCfg = Release|Any CPU
		{BEE0EB5E-47CC-4943-A8C0-FCE859E87126}.Release|x64.Build.0 = Release|Any CPU
		{BEE0EB5E-47CC-4943-A8C0-FCE859E87126}.Release|x86.ActiveCfg = Release|Any CPU
		{BEE0EB5E-47CC-4943-A8C0-FCE859E87126}.Release|x86.Build.0 = Release|Any CPU
		{989685DA-9F50-4EBE-96A2-7FD165C81944}.Debug|Any CPU.ActiveCfg = Debug|Any CPU
		{989685DA-9F50-4EBE-96A2-7FD165C81944}.Debug|Any CPU.Build.0 = Debug|Any CPU
		{989685DA-9F50-4EBE-96A2-7FD165C81944}.Debug|ARM.ActiveCfg = Debug|Any CPU
		{989685DA-9F50-4EBE-96A2-7FD165C81944}.Debug|ARM.Build.0 = Debug|Any CPU
		{989685DA-9F50-4EBE-96A2-7FD165C81944}.Debug|x64.ActiveCfg = Debug|Any CPU
		{989685DA-9F50-4EBE-96A2-7FD165C81944}.Debug|x64.Build.0 = Debug|Any CPU
		{989685DA-9F50-4EBE-96A2-7FD165C81944}.Debug|x86.ActiveCfg = Debug|Any CPU
		{989685DA-9F50-4EBE-96A2-7FD165C81944}.Debug|x86.Build.0 = Debug|Any CPU
		{989685DA-9F50-4EBE-96A2-7FD165C81944}.Release|Any CPU.ActiveCfg = Release|Any CPU
		{989685DA-9F50-4EBE-96A2-7FD165C81944}.Release|Any CPU.Build.0 = Release|Any CPU
		{989685DA-9F50-4EBE-96A2-7FD165C81944}.Release|ARM.ActiveCfg = Release|Any CPU
		{989685DA-9F50-4EBE-96A2-7FD165C81944}.Release|ARM.Build.0 = Release|Any CPU
		{989685DA-9F50-4EBE-96A2-7FD165C81944}.Release|x64.ActiveCfg = Release|Any CPU
		{989685DA-9F50-4EBE-96A2-7FD165C81944}.Release|x64.Build.0 = Release|Any CPU
		{989685DA-9F50-4EBE-96A2-7FD165C81944}.Release|x86.ActiveCfg = Release|Any CPU
		{989685DA-9F50-4EBE-96A2-7FD165C81944}.Release|x86.Build.0 = Release|Any CPU
		{FCBAB24A-28DB-4676-A8DF-AD8C7222F280}.Debug|Any CPU.ActiveCfg = Debug|Any CPU
		{FCBAB24A-28DB-4676-A8DF-AD8C7222F280}.Debug|Any CPU.Build.0 = Debug|Any CPU
		{FCBAB24A-28DB-4676-A8DF-AD8C7222F280}.Debug|ARM.ActiveCfg = Debug|Any CPU
		{FCBAB24A-28DB-4676-A8DF-AD8C7222F280}.Debug|ARM.Build.0 = Debug|Any CPU
		{FCBAB24A-28DB-4676-A8DF-AD8C7222F280}.Debug|x64.ActiveCfg = Debug|Any CPU
		{FCBAB24A-28DB-4676-A8DF-AD8C7222F280}.Debug|x64.Build.0 = Debug|Any CPU
		{FCBAB24A-28DB-4676-A8DF-AD8C7222F280}.Debug|x86.ActiveCfg = Debug|Any CPU
		{FCBAB24A-28DB-4676-A8DF-AD8C7222F280}.Debug|x86.Build.0 = Debug|Any CPU
		{FCBAB24A-28DB-4676-A8DF-AD8C7222F280}.Release|Any CPU.ActiveCfg = Release|Any CPU
		{FCBAB24A-28DB-4676-A8DF-AD8C7222F280}.Release|Any CPU.Build.0 = Release|Any CPU
		{FCBAB24A-28DB-4676-A8DF-AD8C7222F280}.Release|ARM.ActiveCfg = Release|Any CPU
		{FCBAB24A-28DB-4676-A8DF-AD8C7222F280}.Release|ARM.Build.0 = Release|Any CPU
		{FCBAB24A-28DB-4676-A8DF-AD8C7222F280}.Release|x64.ActiveCfg = Release|Any CPU
		{FCBAB24A-28DB-4676-A8DF-AD8C7222F280}.Release|x64.Build.0 = Release|Any CPU
		{FCBAB24A-28DB-4676-A8DF-AD8C7222F280}.Release|x86.ActiveCfg = Release|Any CPU
		{FCBAB24A-28DB-4676-A8DF-AD8C7222F280}.Release|x86.Build.0 = Release|Any CPU
	EndGlobalSection
	GlobalSection(SolutionProperties) = preSolution
		HideSolutionNode = FALSE
	EndGlobalSection
	GlobalSection(ExtensibilityGlobals) = postSolution
		SolutionGuid = {56E97C8B-03EC-4ABC-8DAE-63C8B0A2E1C9}
	EndGlobalSection
EndGlobal
