
Microsoft Visual Studio Solution File, Format Version 12.00
# Visual Studio 15
VisualStudioVersion = 15.0.26430.4
MinimumVisualStudioVersion = 10.0.40219.1
Project("{FAE04EC0-301F-11D3-BF4B-00C04F79EFBC}") = "IntermediateDemoWeek3", "IntermediateDemoWeek3\IntermediateDemoWeek3.csproj", "{FA49D699-126A-4E82-BE2B-E500F279F319}"
EndProject
Global
	GlobalSection(SolutionConfigurationPlatforms) = preSolution
		Debug|Any CPU = Debug|Any CPU
		Release|Any CPU = Release|Any CPU
	EndGlobalSection
	GlobalSection(ProjectConfigurationPlatforms) = postSolution
		{FA49D699-126A-4E82-BE2B-E500F279F319}.Debug|Any CPU.ActiveCfg = Debug|Any CPU
		{FA49D699-126A-4E82-BE2B-E500F279F319}.Debug|Any CPU.Build.0 = Debug|Any CPU
		{FA49D699-126A-4E82-BE2B-E500F279F319}.Release|Any CPU.ActiveCfg = Release|Any CPU
		{FA49D699-126A-4E82-BE2B-E500F279F319}.Release|Any CPU.Build.0 = Release|Any CPU
	EndGlobalSection
	GlobalSection(SolutionProperties) = preSolution
		HideSolutionNode = FALSE
	EndGlobalSection
EndGlobal
