
Microsoft Visual Studio Solution File, Format Version 12.00
# Visual Studio 15
VisualStudioVersion = 15.0.28010.0
MinimumVisualStudioVersion = 10.0.40219.1
Project("{FAE04EC0-301F-11D3-BF4B-00C04F79EFBC}") = "RDA.Demo2.UI", "RDA.Demo2.UI\RDA.Demo2.UI.csproj", "{78E60301-E365-49D4-8F4A-093BA33FDE4D}"
EndProject
Project("{FAE04EC0-301F-11D3-BF4B-00C04F79EFBC}") = "RDA.Demo3.UI", "RDA.Demo3.UI\RDA.Demo3.UI.csproj", "{5014BD17-3DB5-413C-835C-B4D3EAC323C9}"
EndProject
Project("{FAE04EC0-301F-11D3-BF4B-00C04F79EFBC}") = "RDA.Demo4.UI", "RDA.Demo4.UI\RDA.Demo4.UI.csproj", "{48C91EC0-F53C-47FD-B5E6-4709636F181E}"
EndProject
Global
	GlobalSection(SolutionConfigurationPlatforms) = preSolution
		Debug|Any CPU = Debug|Any CPU
		Release|Any CPU = Release|Any CPU
	EndGlobalSection
	GlobalSection(ProjectConfigurationPlatforms) = postSolution
		{78E60301-E365-49D4-8F4A-093BA33FDE4D}.Debug|Any CPU.ActiveCfg = Debug|Any CPU
		{78E60301-E365-49D4-8F4A-093BA33FDE4D}.Debug|Any CPU.Build.0 = Debug|Any CPU
		{78E60301-E365-49D4-8F4A-093BA33FDE4D}.Release|Any CPU.ActiveCfg = Release|Any CPU
		{78E60301-E365-49D4-8F4A-093BA33FDE4D}.Release|Any CPU.Build.0 = Release|Any CPU
		{5014BD17-3DB5-413C-835C-B4D3EAC323C9}.Debug|Any CPU.ActiveCfg = Debug|Any CPU
		{5014BD17-3DB5-413C-835C-B4D3EAC323C9}.Debug|Any CPU.Build.0 = Debug|Any CPU
		{5014BD17-3DB5-413C-835C-B4D3EAC323C9}.Release|Any CPU.ActiveCfg = Release|Any CPU
		{5014BD17-3DB5-413C-835C-B4D3EAC323C9}.Release|Any CPU.Build.0 = Release|Any CPU
		{48C91EC0-F53C-47FD-B5E6-4709636F181E}.Debug|Any CPU.ActiveCfg = Debug|Any CPU
		{48C91EC0-F53C-47FD-B5E6-4709636F181E}.Debug|Any CPU.Build.0 = Debug|Any CPU
		{48C91EC0-F53C-47FD-B5E6-4709636F181E}.Release|Any CPU.ActiveCfg = Release|Any CPU
		{48C91EC0-F53C-47FD-B5E6-4709636F181E}.Release|Any CPU.Build.0 = Release|Any CPU
	EndGlobalSection
	GlobalSection(SolutionProperties) = preSolution
		HideSolutionNode = FALSE
	EndGlobalSection
	GlobalSection(ExtensibilityGlobals) = postSolution
		SolutionGuid = {46C518E9-5119-4FD8-8B5B-259B60878B81}
	EndGlobalSection
EndGlobal
